// !$*UTF8*$!
{
	archiveVersion = 1;
	classes = {
	};
	objectVersion = 50;
	objects = {

/* Begin PBXBuildFile section */
		85D2926124C0B27900181952 /* AppDelegate.swift in Sources */ = {isa = PBXBuildFile; fileRef = 85D2926024C0B27900181952 /* AppDelegate.swift */; };
		85D2926324C0B27900181952 /* SceneDelegate.swift in Sources */ = {isa = PBXBuildFile; fileRef = 85D2926224C0B27900181952 /* SceneDelegate.swift */; };
		85D2926524C0B27900181952 /* ViewController.swift in Sources */ = {isa = PBXBuildFile; fileRef = 85D2926424C0B27900181952 /* ViewController.swift */; };
		85D2926824C0B27900181952 /* Main.storyboard in Resources */ = {isa = PBXBuildFile; fileRef = 85D2926624C0B27900181952 /* Main.storyboard */; };
		85D2926A24C0B27C00181952 /* Assets.xcassets in Resources */ = {isa = PBXBuildFile; fileRef = 85D2926924C0B27C00181952 /* Assets.xcassets */; };
		85D2926D24C0B27C00181952 /* LaunchScreen.storyboard in Resources */ = {isa = PBXBuildFile; fileRef = 85D2926B24C0B27C00181952 /* LaunchScreen.storyboard */; };
		85D2927824C0B27D00181952 /* sendEmailTestTests.swift in Sources */ = {isa = PBXBuildFile; fileRef = 85D2927724C0B27D00181952 /* sendEmailTestTests.swift */; };
		85D2928324C0B27D00181952 /* sendEmailTestUITests.swift in Sources */ = {isa = PBXBuildFile; fileRef = 85D2928224C0B27D00181952 /* sendEmailTestUITests.swift */; };
/* End PBXBuildFile section */

/* Begin PBXContainerItemProxy section */
		85D2927424C0B27D00181952 /* PBXContainerItemProxy */ = {
			isa = PBXContainerItemProxy;
			containerPortal = 85D2925524C0B27900181952 /* Project object */;
			proxyType = 1;
			remoteGlobalIDString = 85D2925C24C0B27900181952;
			remoteInfo = sendEmailTest;
		};
		85D2927F24C0B27D00181952 /* PBXContainerItemProxy */ = {
			isa = PBXContainerItemProxy;
			containerPortal = 85D2925524C0B27900181952 /* Project object */;
			proxyType = 1;
			remoteGlobalIDString = 85D2925C24C0B27900181952;
			remoteInfo = sendEmailTest;
		};
/* End PBXContainerItemProxy section */

/* Begin PBXFileReference section */
		85D2925D24C0B27900181952 /* sendEmailTest.app */ = {isa = PBXFileReference; explicitFileType = wrapper.application; includeInIndex = 0; path = sendEmailTest.app; sourceTree = BUILT_PRODUCTS_DIR; };
		85D2926024C0B27900181952 /* AppDelegate.swift */ = {isa = PBXFileReference; lastKnownFileType = sourcecode.swift; path = AppDelegate.swift; sourceTree = "<group>"; };
		85D2926224C0B27900181952 /* SceneDelegate.swift */ = {isa = PBXFileReference; lastKnownFileType = sourcecode.swift; path = SceneDelegate.swift; sourceTree = "<group>"; };
		85D2926424C0B27900181952 /* ViewController.swift */ = {isa = PBXFileReference; lastKnownFileType = sourcecode.swift; path = ViewController.swift; sourceTree = "<group>"; };
		85D2926724C0B27900181952 /* Base */ = {isa = PBXFileReference; lastKnownFileType = file.storyboard; name = Base; path = Base.lproj/Main.storyboard; sourceTree = "<group>"; };
		85D2926924C0B27C00181952 /* Assets.xcassets */ = {isa = PBXFileReference; lastKnownFileType = folder.assetcatalog; path = Assets.xcassets; sourceTree = "<group>"; };
		85D2926C24C0B27C00181952 /* Base */ = {isa = PBXFileReference; lastKnownFileType = file.storyboard; name = Base; path = Base.lproj/LaunchScreen.storyboard; sourceTree = "<group>"; };
		85D2926E24C0B27C00181952 /* Info.plist */ = {isa = PBXFileReference; lastKnownFileType = text.plist.xml; path = Info.plist; sourceTree = "<group>"; };
		85D2927324C0B27D00181952 /* sendEmailTestTests.xctest */ = {isa = PBXFileReference; explicitFileType = wrapper.cfbundle; includeInIndex = 0; path = sendEmailTestTests.xctest; sourceTree = BUILT_PRODUCTS_DIR; };
		85D2927724C0B27D00181952 /* sendEmailTestTests.swift */ = {isa = PBXFileReference; lastKnownFileType = sourcecode.swift; path = sendEmailTestTests.swift; sourceTree = "<group>"; };
		85D2927924C0B27D00181952 /* Info.plist */ = {isa = PBXFileReference; lastKnownFileType = text.plist.xml; path = Info.plist; sourceTree = "<group>"; };
		85D2927E24C0B27D00181952 /* sendEmailTestUITests.xctest */ = {isa = PBXFileReference; explicitFileType = wrapper.cfbundle; includeInIndex = 0; path = sendEmailTestUITests.xctest; sourceTree = BUILT_PRODUCTS_DIR; };
		85D2928224C0B27D00181952 /* sendEmailTestUITests.swift */ = {isa = PBXFileReference; lastKnownFileType = sourcecode.swift; path = sendEmailTestUITests.swift; sourceTree = "<group>"; };
		85D2928424C0B27D00181952 /* Info.plist */ = {isa = PBXFileReference; lastKnownFileType = text.plist.xml; path = Info.plist; sourceTree = "<group>"; };
/* End PBXFileReference section */

/* Begin PBXFrameworksBuildPhase section */
		85D2925A24C0B27900181952 /* Frameworks */ = {
			isa = PBXFrameworksBuildPhase;
			buildActionMask = 2147483647;
			files = (
			);
			runOnlyForDeploymentPostprocessing = 0;
		};
		85D2927024C0B27D00181952 /* Frameworks */ = {
			isa = PBXFrameworksBuildPhase;
			buildActionMask = 2147483647;
			files = (
			);
			runOnlyForDeploymentPostprocessing = 0;
		};
		85D2927B24C0B27D00181952 /* Frameworks */ = {
			isa = PBXFrameworksBuildPhase;
			buildActionMask = 2147483647;
			files = (
			);
			runOnlyForDeploymentPostprocessing = 0;
		};
/* End PBXFrameworksBuildPhase section */

/* Begin PBXGroup section */
		85D2925424C0B27900181952 = {
			isa = PBXGroup;
			children = (
				85D2925F24C0B27900181952 /* sendEmailTest */,
				85D2927624C0B27D00181952 /* sendEmailTestTests */,
				85D2928124C0B27D00181952 /* sendEmailTestUITests */,
				85D2925E24C0B27900181952 /* Products */,
			);
			sourceTree = "<group>";
		};
		85D2925E24C0B27900181952 /* Products */ = {
			isa = PBXGroup;
			children = (
				85D2925D24C0B27900181952 /* sendEmailTest.app */,
				85D2927324C0B27D00181952 /* sendEmailTestTests.xctest */,
				85D2927E24C0B27D00181952 /* sendEmailTestUITests.xctest */,
			);
			name = Products;
			sourceTree = "<group>";
		};
		85D2925F24C0B27900181952 /* sendEmailTest */ = {
			isa = PBXGroup;
			children = (
				85D2926024C0B27900181952 /* AppDelegate.swift */,
				85D2926224C0B27900181952 /* SceneDelegate.swift */,
				85D2926424C0B27900181952 /* ViewController.swift */,
				85D2926624C0B27900181952 /* Main.storyboard */,
				85D2926924C0B27C00181952 /* Assets.xcassets */,
				85D2926B24C0B27C00181952 /* LaunchScreen.storyboard */,
				85D2926E24C0B27C00181952 /* Info.plist */,
			);
			path = sendEmailTest;
			sourceTree = "<group>";
		};
		85D2927624C0B27D00181952 /* sendEmailTestTests */ = {
			isa = PBXGroup;
			children = (
				85D2927724C0B27D00181952 /* sendEmailTestTests.swift */,
				85D2927924C0B27D00181952 /* Info.plist */,
			);
			path = sendEmailTestTests;
			sourceTree = "<group>";
		};
		85D2928124C0B27D00181952 /* sendEmailTestUITests */ = {
			isa = PBXGroup;
			children = (
				85D2928224C0B27D00181952 /* sendEmailTestUITests.swift */,
				85D2928424C0B27D00181952 /* Info.plist */,
			);
			path = sendEmailTestUITests;
			sourceTree = "<group>";
		};
/* End PBXGroup section */

/* Begin PBXNativeTarget section */
		85D2925C24C0B27900181952 /* sendEmailTest */ = {
			isa = PBXNativeTarget;
			buildConfigurationList = 85D2928724C0B27D00181952 /* Build configuration list for PBXNativeTarget "sendEmailTest" */;
			buildPhases = (
				85D2925924C0B27900181952 /* Sources */,
				85D2925A24C0B27900181952 /* Frameworks */,
				85D2925B24C0B27900181952 /* Resources */,
			);
			buildRules = (
			);
			dependencies = (
			);
			name = sendEmailTest;
			productName = sendEmailTest;
			productReference = 85D2925D24C0B27900181952 /* sendEmailTest.app */;
			productType = "com.apple.product-type.application";
		};
		85D2927224C0B27D00181952 /* sendEmailTestTests */ = {
			isa = PBXNativeTarget;
			buildConfigurationList = 85D2928A24C0B27D00181952 /* Build configuration list for PBXNativeTarget "sendEmailTestTests" */;
			buildPhases = (
				85D2926F24C0B27D00181952 /* Sources */,
				85D2927024C0B27D00181952 /* Frameworks */,
				85D2927124C0B27D00181952 /* Resources */,
			);
			buildRules = (
			);
			dependencies = (
				85D2927524C0B27D00181952 /* PBXTargetDependency */,
			);
			name = sendEmailTestTests;
			productName = sendEmailTestTests;
			productReference = 85D2927324C0B27D00181952 /* sendEmailTestTests.xctest */;
			productType = "com.apple.product-type.bundle.unit-test";
		};
		85D2927D24C0B27D00181952 /* sendEmailTestUITests */ = {
			isa = PBXNativeTarget;
			buildConfigurationList = 85D2928D24C0B27D00181952 /* Build configuration list for PBXNativeTarget "sendEmailTestUITests" */;
			buildPhases = (
				85D2927A24C0B27D00181952 /* Sources */,
				85D2927B24C0B27D00181952 /* Frameworks */,
				85D2927C24C0B27D00181952 /* Resources */,
			);
			buildRules = (
			);
			dependencies = (
				85D2928024C0B27D00181952 /* PBXTargetDependency */,
			);
			name = sendEmailTestUITests;
			productName = sendEmailTestUITests;
			productReference = 85D2927E24C0B27D00181952 /* sendEmailTestUITests.xctest */;
			productType = "com.apple.product-type.bundle.ui-testing";
		};
/* End PBXNativeTarget section */

/* Begin PBXProject section */
		85D2925524C0B27900181952 /* Project object */ = {
			isa = PBXProject;
			attributes = {
				LastSwiftUpdateCheck = 1150;
				LastUpgradeCheck = 1150;
				ORGANIZATIONNAME = "Ginger Hu";
				TargetAttributes = {
					85D2925C24C0B27900181952 = {
						CreatedOnToolsVersion = 11.5;
					};
					85D2927224C0B27D00181952 = {
						CreatedOnToolsVersion = 11.5;
						TestTargetID = 85D2925C24C0B27900181952;
					};
					85D2927D24C0B27D00181952 = {
						CreatedOnToolsVersion = 11.5;
						TestTargetID = 85D2925C24C0B27900181952;
					};
				};
			};
			buildConfigurationList = 85D2925824C0B27900181952 /* Build configuration list for PBXProject "sendEmailTest" */;
			compatibilityVersion = "Xcode 9.3";
			developmentRegion = en;
			hasScannedForEncodings = 0;
			knownRegions = (
				en,
				Base,
			);
			mainGroup = 85D2925424C0B27900181952;
			productRefGroup = 85D2925E24C0B27900181952 /* Products */;
			projectDirPath = "";
			projectRoot = "";
			targets = (
				85D2925C24C0B27900181952 /* sendEmailTest */,
				85D2927224C0B27D00181952 /* sendEmailTestTests */,
				85D2927D24C0B27D00181952 /* sendEmailTestUITests */,
			);
		};
/* End PBXProject section */

/* Begin PBXResourcesBuildPhase section */
		85D2925B24C0B27900181952 /* Resources */ = {
			isa = PBXResourcesBuildPhase;
			buildActionMask = 2147483647;
			files = (
				85D2926D24C0B27C00181952 /* LaunchScreen.storyboard in Resources */,
				85D2926A24C0B27C00181952 /* Assets.xcassets in Resources */,
				85D2926824C0B27900181952 /* Main.storyboard in Resources */,
			);
			runOnlyForDeploymentPostprocessing = 0;
		};
		85D2927124C0B27D00181952 /* Resources */ = {
			isa = PBXResourcesBuildPhase;
			buildActionMask = 2147483647;
			files = (
			);
			runOnlyForDeploymentPostprocessing = 0;
		};
		85D2927C24C0B27D00181952 /* Resources */ = {
			isa = PBXResourcesBuildPhase;
			buildActionMask = 2147483647;
			files = (
			);
			runOnlyForDeploymentPostprocessing = 0;
		};
/* End PBXResourcesBuildPhase section */

/* Begin PBXSourcesBuildPhase section */
		85D2925924C0B27900181952 /* Sources */ = {
			isa = PBXSourcesBuildPhase;
			buildActionMask = 2147483647;
			files = (
				85D2926524C0B27900181952 /* ViewController.swift in Sources */,
				85D2926124C0B27900181952 /* AppDelegate.swift in Sources */,
				85D2926324C0B27900181952 /* SceneDelegate.swift in Sources */,
			);
			runOnlyForDeploymentPostprocessing = 0;
		};
		85D2926F24C0B27D00181952 /* Sources */ = {
			isa = PBXSourcesBuildPhase;
			buildActionMask = 2147483647;
			files = (
				85D2927824C0B27D00181952 /* sendEmailTestTests.swift in Sources */,
			);
			runOnlyForDeploymentPostprocessing = 0;
		};
		85D2927A24C0B27D00181952 /* Sources */ = {
			isa = PBXSourcesBuildPhase;
			buildActionMask = 2147483647;
			files = (
				85D2928324C0B27D00181952 /* sendEmailTestUITests.swift in Sources */,
			);
			runOnlyForDeploymentPostprocessing = 0;
		};
/* End PBXSourcesBuildPhase section */

/* Begin PBXTargetDependency section */
		85D2927524C0B27D00181952 /* PBXTargetDependency */ = {
			isa = PBXTargetDependency;
			target = 85D2925C24C0B27900181952 /* sendEmailTest */;
			targetProxy = 85D2927424C0B27D00181952 /* PBXContainerItemProxy */;
		};
		85D2928024C0B27D00181952 /* PBXTargetDependency */ = {
			isa = PBXTargetDependency;
			target = 85D2925C24C0B27900181952 /* sendEmailTest */;
			targetProxy = 85D2927F24C0B27D00181952 /* PBXContainerItemProxy */;
		};
/* End PBXTargetDependency section */

/* Begin PBXVariantGroup section */
		85D2926624C0B27900181952 /* Main.storyboard */ = {
			isa = PBXVariantGroup;
			children = (
				85D2926724C0B27900181952 /* Base */,
			);
			name = Main.storyboard;
			sourceTree = "<group>";
		};
		85D2926B24C0B27C00181952 /* LaunchScreen.storyboard */ = {
			isa = PBXVariantGroup;
			children = (
				85D2926C24C0B27C00181952 /* Base */,
			);
			name = LaunchScreen.storyboard;
			sourceTree = "<group>";
		};
/* End PBXVariantGroup section */

/* Begin XCBuildConfiguration section */
		85D2928524C0B27D00181952 /* Debug */ = {
			isa = XCBuildConfiguration;
			buildSettings = {
				ALWAYS_SEARCH_USER_PATHS = NO;
				CLANG_ANALYZER_NONNULL = YES;
				CLANG_ANALYZER_NUMBER_OBJECT_CONVERSION = YES_AGGRESSIVE;
				CLANG_CXX_LANGUAGE_STANDARD = "gnu++14";
				CLANG_CXX_LIBRARY = "libc++";
				CLANG_ENABLE_MODULES = YES;
				CLANG_ENABLE_OBJC_ARC = YES;
				CLANG_ENABLE_OBJC_WEAK = YES;
				CLANG_WARN_BLOCK_CAPTURE_AUTORELEASING = YES;
				CLANG_WARN_BOOL_CONVERSION = YES;
				CLANG_WARN_COMMA = YES;
				CLANG_WARN_CONSTANT_CONVERSION = YES;
				CLANG_WARN_DEPRECATED_OBJC_IMPLEMENTATIONS = YES;
				CLANG_WARN_DIRECT_OBJC_ISA_USAGE = YES_ERROR;
				CLANG_WARN_DOCUMENTATION_COMMENTS = YES;
				CLANG_WARN_EMPTY_BODY = YES;
				CLANG_WARN_ENUM_CONVERSION = YES;
				CLANG_WARN_INFINITE_RECURSION = YES;
				CLANG_WARN_INT_CONVERSION = YES;
				CLANG_WARN_NON_LITERAL_NULL_CONVERSION = YES;
				CLANG_WARN_OBJC_IMPLICIT_RETAIN_SELF = YES;
				CLANG_WARN_OBJC_LITERAL_CONVERSION = YES;
				CLANG_WARN_OBJC_ROOT_CLASS = YES_ERROR;
				CLANG_WARN_RANGE_LOOP_ANALYSIS = YES;
				CLANG_WARN_STRICT_PROTOTYPES = YES;
				CLANG_WARN_SUSPICIOUS_MOVE = YES;
				CLANG_WARN_UNGUARDED_AVAILABILITY = YES_AGGRESSIVE;
				CLANG_WARN_UNREACHABLE_CODE = YES;
				CLANG_WARN__DUPLICATE_METHOD_MATCH = YES;
				COPY_PHASE_STRIP = NO;
				DEBUG_INFORMATION_FORMAT = dwarf;
				ENABLE_STRICT_OBJC_MSGSEND = YES;
				ENABLE_TESTABILITY = YES;
				GCC_C_LANGUAGE_STANDARD = gnu11;
				GCC_DYNAMIC_NO_PIC = NO;
				GCC_NO_COMMON_BLOCKS = YES;
				GCC_OPTIMIZATION_LEVEL = 0;
				GCC_PREPROCESSOR_DEFINITIONS = (
					"DEBUG=1",
					"$(inherited)",
				);
				GCC_WARN_64_TO_32_BIT_CONVERSION = YES;
				GCC_WARN_ABOUT_RETURN_TYPE = YES_ERROR;
				GCC_WARN_UNDECLARED_SELECTOR = YES;
				GCC_WARN_UNINITIALIZED_AUTOS = YES_AGGRESSIVE;
				GCC_WARN_UNUSED_FUNCTION = YES;
				GCC_WARN_UNUSED_VARIABLE = YES;
				IPHONEOS_DEPLOYMENT_TARGET = 13.5;
				MTL_ENABLE_DEBUG_INFO = INCLUDE_SOURCE;
				MTL_FAST_MATH = YES;
				ONLY_ACTIVE_ARCH = YES;
				SDKROOT = iphoneos;
				SWIFT_ACTIVE_COMPILATION_CONDITIONS = DEBUG;
				SWIFT_OPTIMIZATION_LEVEL = "-Onone";
			};
			name = Debug;
		};
		85D2928624C0B27D00181952 /* Release */ = {
			isa = XCBuildConfiguration;
			buildSettings = {
				ALWAYS_SEARCH_USER_PATHS = NO;
				CLANG_ANALYZER_NONNULL = YES;
				CLANG_ANALYZER_NUMBER_OBJECT_CONVERSION = YES_AGGRESSIVE;
				CLANG_CXX_LANGUAGE_STANDARD = "gnu++14";
				CLANG_CXX_LIBRARY = "libc++";
				CLANG_ENABLE_MODULES = YES;
				CLANG_ENABLE_OBJC_ARC = YES;
				CLANG_ENABLE_OBJC_WEAK = YES;
				CLANG_WARN_BLOCK_CAPTURE_AUTORELEASING = YES;
				CLANG_WARN_BOOL_CONVERSION = YES;
				CLANG_WARN_COMMA = YES;
				CLANG_WARN_CONSTANT_CONVERSION = YES;
				CLANG_WARN_DEPRECATED_OBJC_IMPLEMENTATIONS = YES;
				CLANG_WARN_DIRECT_OBJC_ISA_USAGE = YES_ERROR;
				CLANG_WARN_DOCUMENTATION_COMMENTS = YES;
				CLANG_WARN_EMPTY_BODY = YES;
				CLANG_WARN_ENUM_CONVERSION = YES;
				CLANG_WARN_INFINITE_RECURSION = YES;
				CLANG_WARN_INT_CONVERSION = YES;
				CLANG_WARN_NON_LITERAL_NULL_CONVERSION = YES;
				CLANG_WARN_OBJC_IMPLICIT_RETAIN_SELF = YES;
				CLANG_WARN_OBJC_LITERAL_CONVERSION = YES;
				CLANG_WARN_OBJC_ROOT_CLASS = YES_ERROR;
				CLANG_WARN_RANGE_LOOP_ANALYSIS = YES;
				CLANG_WARN_STRICT_PROTOTYPES = YES;
				CLANG_WARN_SUSPICIOUS_MOVE = YES;
				CLANG_WARN_UNGUARDED_AVAILABILITY = YES_AGGRESSIVE;
				CLANG_WARN_UNREACHABLE_CODE = YES;
				CLANG_WARN__DUPLICATE_METHOD_MATCH = YES;
				COPY_PHASE_STRIP = NO;
				DEBUG_INFORMATION_FORMAT = "dwarf-with-dsym";
				ENABLE_NS_ASSERTIONS = NO;
				ENABLE_STRICT_OBJC_MSGSEND = YES;
				GCC_C_LANGUAGE_STANDARD = gnu11;
				GCC_NO_COMMON_BLOCKS = YES;
				GCC_WARN_64_TO_32_BIT_CONVERSION = YES;
				GCC_WARN_ABOUT_RETURN_TYPE = YES_ERROR;
				GCC_WARN_UNDECLARED_SELECTOR = YES;
				GCC_WARN_UNINITIALIZED_AUTOS = YES_AGGRESSIVE;
				GCC_WARN_UNUSED_FUNCTION = YES;
				GCC_WARN_UNUSED_VARIABLE = YES;
				IPHONEOS_DEPLOYMENT_TARGET = 13.5;
				MTL_ENABLE_DEBUG_INFO = NO;
				MTL_FAST_MATH = YES;
				SDKROOT = iphoneos;
				SWIFT_COMPILATION_MODE = wholemodule;
				SWIFT_OPTIMIZATION_LEVEL = "-O";
				VALIDATE_PRODUCT = YES;
			};
			name = Release;
		};
		85D2928824C0B27D00181952 /* Debug */ = {
			isa = XCBuildConfiguration;
			buildSettings = {
				ASSETCATALOG_COMPILER_APPICON_NAME = AppIcon;
				CODE_SIGN_STYLE = Automatic;
				DEVELOPMENT_TEAM = BD28S2SLTV;
				INFOPLIST_FILE = sendEmailTest/Info.plist;
				IPHONEOS_DEPLOYMENT_TARGET = 13.0;
				LD_RUNPATH_SEARCH_PATHS = (
					"$(inherited)",
					"@executable_path/Frameworks",
				);
				PRODUCT_BUNDLE_IDENTIFIER = gingerhu.sendEmailTest;
				PRODUCT_NAME = "$(TARGET_NAME)";
				SWIFT_VERSION = 5.0;
				TARGETED_DEVICE_FAMILY = "1,2";
			};
			name = Debug;
		};
		85D2928924C0B27D00181952 /* Release */ = {
			isa = XCBuildConfiguration;
			buildSettings = {
				ASSETCATALOG_COMPILER_APPICON_NAME = AppIcon;
				CODE_SIGN_STYLE = Automatic;
				DEVELOPMENT_TEAM = BD28S2SLTV;
				INFOPLIST_FILE = sendEmailTest/Info.plist;
				IPHONEOS_DEPLOYMENT_TARGET = 13.0;
				LD_RUNPATH_SEARCH_PATHS = (
					"$(inherited)",
					"@executable_path/Frameworks",
				);
				PRODUCT_BUNDLE_IDENTIFIER = gingerhu.sendEmailTest;
				PRODUCT_NAME = "$(TARGET_NAME)";
				SWIFT_VERSION = 5.0;
				TARGETED_DEVICE_FAMILY = "1,2";
			};
			name = Release;
		};
		85D2928B24C0B27D00181952 /* Debug */ = {
			isa = XCBuildConfiguration;
			buildSettings = {
				ALWAYS_EMBED_SWIFT_STANDARD_LIBRARIES = YES;
				BUNDLE_LOADER = "$(TEST_HOST)";
				CODE_SIGN_STYLE = Automatic;
				DEVELOPMENT_TEAM = BD28S2SLTV;
				INFOPLIST_FILE = sendEmailTestTests/Info.plist;
				IPHONEOS_DEPLOYMENT_TARGET = 13.5;
				LD_RUNPATH_SEARCH_PATHS = (
					"$(inherited)",
					"@executable_path/Frameworks",
					"@loader_path/Frameworks",
				);
				PRODUCT_BUNDLE_IDENTIFIER = gingerhu.sendEmailTestTests;
				PRODUCT_NAME = "$(TARGET_NAME)";
				SWIFT_VERSION = 5.0;
				TARGETED_DEVICE_FAMILY = "1,2";
				TEST_HOST = "$(BUILT_PRODUCTS_DIR)/sendEmailTest.app/sendEmailTest";
			};
			name = Debug;
		};
		85D2928C24C0B27D00181952 /* Release */ = {
			isa = XCBuildConfiguration;
			buildSettings = {
				ALWAYS_EMBED_SWIFT_STANDARD_LIBRARIES = YES;
				BUNDLE_LOADER = "$(TEST_HOST)";
				CODE_SIGN_STYLE = Automatic;
				DEVELOPMENT_TEAM = BD28S2SLTV;
				INFOPLIST_FILE = sendEmailTestTests/Info.plist;
				IPHONEOS_DEPLOYMENT_TARGET = 13.5;
				LD_RUNPATH_SEARCH_PATHS = (
					"$(inherited)",
					"@executable_path/Frameworks",
					"@loader_path/Frameworks",
				);
				PRODUCT_BUNDLE_IDENTIFIER = gingerhu.sendEmailTestTests;
				PRODUCT_NAME = "$(TARGET_NAME)";
				SWIFT_VERSION = 5.0;
				TARGETED_DEVICE_FAMILY = "1,2";
				TEST_HOST = "$(BUILT_PRODUCTS_DIR)/sendEmailTest.app/sendEmailTest";
			};
			name = Release;
		};
		85D2928E24C0B27D00181952 /* Debug */ = {
			isa = XCBuildConfiguration;
			buildSettings = {
				ALWAYS_EMBED_SWIFT_STANDARD_LIBRARIES = YES;
				CODE_SIGN_STYLE = Automatic;
				DEVELOPMENT_TEAM = BD28S2SLTV;
				INFOPLIST_FILE = sendEmailTestUITests/Info.plist;
				LD_RUNPATH_SEARCH_PATHS = (
					"$(inherited)",
					"@executable_path/Frameworks",
					"@loader_path/Frameworks",
				);
				PRODUCT_BUNDLE_IDENTIFIER = gingerhu.sendEmailTestUITests;
				PRODUCT_NAME = "$(TARGET_NAME)";
				SWIFT_VERSION = 5.0;
				TARGETED_DEVICE_FAMILY = "1,2";
				TEST_TARGET_NAME = sendEmailTest;
			};
			name = Debug;
		};
		85D2928F24C0B27D00181952 /* Release */ = {
			isa = XCBuildConfiguration;
			buildSettings = {
				ALWAYS_EMBED_SWIFT_STANDARD_LIBRARIES = YES;
				CODE_SIGN_STYLE = Automatic;
				DEVELOPMENT_TEAM = BD28S2SLTV;
				INFOPLIST_FILE = sendEmailTestUITests/Info.plist;
				LD_RUNPATH_SEARCH_PATHS = (
					"$(inherited)",
					"@executable_path/Frameworks",
					"@loader_path/Frameworks",
				);
				PRODUCT_BUNDLE_IDENTIFIER = gingerhu.sendEmailTestUITests;
				PRODUCT_NAME = "$(TARGET_NAME)";
				SWIFT_VERSION = 5.0;
				TARGETED_DEVICE_FAMILY = "1,2";
				TEST_TARGET_NAME = sendEmailTest;
			};
			name = Release;
		};
/* End XCBuildConfiguration section */

/* Begin XCConfigurationList section */
		85D2925824C0B27900181952 /* Build configuration list for PBXProject "sendEmailTest" */ = {
			isa = XCConfigurationList;
			buildConfigurations = (
				85D2928524C0B27D00181952 /* Debug */,
				85D2928624C0B27D00181952 /* Release */,
			);
			defaultConfigurationIsVisible = 0;
			defaultConfigurationName = Release;
		};
		85D2928724C0B27D00181952 /* Build configuration list for PBXNativeTarget "sendEmailTest" */ = {
			isa = XCConfigurationList;
			buildConfigurations = (
				85D2928824C0B27D00181952 /* Debug */,
				85D2928924C0B27D00181952 /* Release */,
			);
			defaultConfigurationIsVisible = 0;
			defaultConfigurationName = Release;
		};
		85D2928A24C0B27D00181952 /* Build configuration list for PBXNativeTarget "sendEmailTestTests" */ = {
			isa = XCConfigurationList;
			buildConfigurations = (
				85D2928B24C0B27D00181952 /* Debug */,
				85D2928C24C0B27D00181952 /* Release */,
			);
			defaultConfigurationIsVisible = 0;
			defaultConfigurationName = Release;
		};
		85D2928D24C0B27D00181952 /* Build configuration list for PBXNativeTarget "sendEmailTestUITests" */ = {
			isa = XCConfigurationList;
			buildConfigurations = (
				85D2928E24C0B27D00181952 /* Debug */,
				85D2928F24C0B27D00181952 /* Release */,
			);
			defaultConfigurationIsVisible = 0;
			defaultConfigurationName = Release;
		};
/* End XCConfigurationList section */
	};
	rootObject = 85D2925524C0B27900181952 /* Project object */;
}
